// !$*UTF8*$!
{
	archiveVersion = 1;
	classes = {
	};
	objectVersion = 46;
	objects = {

/* Begin PBXBuildFile section */
		9B0FC8B51ECAF73700E7EC53 /* wjAlertSimpleView.m in Sources */ = {isa = PBXBuildFile; fileRef = 9B0FC8B41ECAF73700E7EC53 /* wjAlertSimpleView.m */; };
		9B357C131EC9AF45000EB11E /* main.m in Sources */ = {isa = PBXBuildFile; fileRef = 9B357C121EC9AF45000EB11E /* main.m */; };
		9B357C161EC9AF45000EB11E /* AppDelegate.m in Sources */ = {isa = PBXBuildFile; fileRef = 9B357C151EC9AF45000EB11E /* AppDelegate.m */; };
		9B357C1C1EC9AF45000EB11E /* Main.storyboard in Resources */ = {isa = PBXBuildFile; fileRef = 9B357C1A1EC9AF45000EB11E /* Main.storyboard */; };
		9B357C1E1EC9AF45000EB11E /* Assets.xcassets in Resources */ = {isa = PBXBuildFile; fileRef = 9B357C1D1EC9AF45000EB11E /* Assets.xcassets */; };
		9B357C211EC9AF45000EB11E /* LaunchScreen.storyboard in Resources */ = {isa = PBXBuildFile; fileRef = 9B357C1F1EC9AF45000EB11E /* LaunchScreen.storyboard */; };
		9BFC04FB1ECC34BF002C63FD /* wjLoginViewController.m in Sources */ = {isa = PBXBuildFile; fileRef = 9BFC04F91ECC34BF002C63FD /* wjLoginViewController.m */; };
		9BFC04FC1ECC34BF002C63FD /* wjLoginViewController.xib in Resources */ = {isa = PBXBuildFile; fileRef = 9BFC04FA1ECC34BF002C63FD /* wjLoginViewController.xib */; };
		9BFC05001ECC36A0002C63FD /* wjContactViewController.m in Sources */ = {isa = PBXBuildFile; fileRef = 9BFC04FE1ECC36A0002C63FD /* wjContactViewController.m */; };
		9BFC05011ECC36A0002C63FD /* wjContactViewController.xib in Resources */ = {isa = PBXBuildFile; fileRef = 9BFC04FF1ECC36A0002C63FD /* wjContactViewController.xib */; };
		9BFC05081ECC39BA002C63FD /* wjAddContactViewController.m in Sources */ = {isa = PBXBuildFile; fileRef = 9BFC05061ECC39BA002C63FD /* wjAddContactViewController.m */; };
		9BFC05091ECC39BA002C63FD /* wjAddContactViewController.xib in Resources */ = {isa = PBXBuildFile; fileRef = 9BFC05071ECC39BA002C63FD /* wjAddContactViewController.xib */; };
		9BFC050D1ECC3E33002C63FD /* wjEditContactViewController.m in Sources */ = {isa = PBXBuildFile; fileRef = 9BFC050B1ECC3E33002C63FD /* wjEditContactViewController.m */; };
		9BFC050E1ECC3E33002C63FD /* wjEditContactViewController.xib in Resources */ = {isa = PBXBuildFile; fileRef = 9BFC050C1ECC3E33002C63FD /* wjEditContactViewController.xib */; };
		9BFC05111ECC415B002C63FD /* wjContactModel.m in Sources */ = {isa = PBXBuildFile; fileRef = 9BFC05101ECC415B002C63FD /* wjContactModel.m */; };
/* End PBXBuildFile section */

/* Begin PBXFileReference section */
		9B0FC8B31ECAF73700E7EC53 /* wjAlertSimpleView.h */ = {isa = PBXFileReference; fileEncoding = 4; lastKnownFileType = sourcecode.c.h; path = wjAlertSimpleView.h; sourceTree = "<group>"; };
		9B0FC8B41ECAF73700E7EC53 /* wjAlertSimpleView.m */ = {isa = PBXFileReference; fileEncoding = 4; lastKnownFileType = sourcecode.c.objc; path = wjAlertSimpleView.m; sourceTree = "<group>"; };
		9B357C0E1EC9AF45000EB11E /* 2-通讯录.app */ = {isa = PBXFileReference; explicitFileType = wrapper.application; includeInIndex = 0; path = "2-通讯录.app"; sourceTree = BUILT_PRODUCTS_DIR; };
		9B357C121EC9AF45000EB11E /* main.m */ = {isa = PBXFileReference; lastKnownFileType = sourcecode.c.objc; path = main.m; sourceTree = "<group>"; };
		9B357C141EC9AF45000EB11E /* AppDelegate.h */ = {isa = PBXFileReference; lastKnownFileType = sourcecode.c.h; path = AppDelegate.h; sourceTree = "<group>"; };
		9B357C151EC9AF45000EB11E /* AppDelegate.m */ = {isa = PBXFileReference; lastKnownFileType = sourcecode.c.objc; path = AppDelegate.m; sourceTree = "<group>"; };
		9B357C1B1EC9AF45000EB11E /* Base */ = {isa = PBXFileReference; lastKnownFileType = file.storyboard; name = Base; path = Base.lproj/Main.storyboard; sourceTree = "<group>"; };
		9B357C1D1EC9AF45000EB11E /* Assets.xcassets */ = {isa = PBXFileReference; lastKnownFileType = folder.assetcatalog; path = Assets.xcassets; sourceTree = "<group>"; };
		9B357C201EC9AF45000EB11E /* Base */ = {isa = PBXFileReference; lastKnownFileType = file.storyboard; name = Base; path = Base.lproj/LaunchScreen.storyboard; sourceTree = "<group>"; };
		9B357C221EC9AF45000EB11E /* Info.plist */ = {isa = PBXFileReference; lastKnownFileType = text.plist.xml; path = Info.plist; sourceTree = "<group>"; };
		9BFC04F81ECC34BF002C63FD /* wjLoginViewController.h */ = {isa = PBXFileReference; fileEncoding = 4; lastKnownFileType = sourcecode.c.h; path = wjLoginViewController.h; sourceTree = "<group>"; };
		9BFC04F91ECC34BF002C63FD /* wjLoginViewController.m */ = {isa = PBXFileReference; fileEncoding = 4; lastKnownFileType = sourcecode.c.objc; path = wjLoginViewController.m; sourceTree = "<group>"; };
		9BFC04FA1ECC34BF002C63FD /* wjLoginViewController.xib */ = {isa = PBXFileReference; fileEncoding = 4; lastKnownFileType = file.xib; path = wjLoginViewController.xib; sourceTree = "<group>"; };
		9BFC04FD1ECC36A0002C63FD /* wjContactViewController.h */ = {isa = PBXFileReference; fileEncoding = 4; lastKnownFileType = sourcecode.c.h; path = wjContactViewController.h; sourceTree = "<group>"; };
		9BFC04FE1ECC36A0002C63FD /* wjContactViewController.m */ = {isa = PBXFileReference; fileEncoding = 4; lastKnownFileType = sourcecode.c.objc; path = wjContactViewController.m; sourceTree = "<group>"; };
		9BFC04FF1ECC36A0002C63FD /* wjContactViewController.xib */ = {isa = PBXFileReference; fileEncoding = 4; lastKnownFileType = file.xib; path = wjContactViewController.xib; sourceTree = "<group>"; };
		9BFC05051ECC39BA002C63FD /* wjAddContactViewController.h */ = {isa = PBXFileReference; fileEncoding = 4; lastKnownFileType = sourcecode.c.h; path = wjAddContactViewController.h; sourceTree = "<group>"; };
		9BFC05061ECC39BA002C63FD /* wjAddContactViewController.m */ = {isa = PBXFileReference; fileEncoding = 4; lastKnownFileType = sourcecode.c.objc; path = wjAddContactViewController.m; sourceTree = "<group>"; };
		9BFC05071ECC39BA002C63FD /* wjAddContactViewController.xib */ = {isa = PBXFileReference; fileEncoding = 4; lastKnownFileType = file.xib; path = wjAddContactViewController.xib; sourceTree = "<group>"; };
		9BFC050A1ECC3E33002C63FD /* wjEditContactViewController.h */ = {isa = PBXFileReference; fileEncoding = 4; lastKnownFileType = sourcecode.c.h; path = wjEditContactViewController.h; sourceTree = "<group>"; };
		9BFC050B1ECC3E33002C63FD /* wjEditContactViewController.m */ = {isa = PBXFileReference; fileEncoding = 4; lastKnownFileType = sourcecode.c.objc; path = wjEditContactViewController.m; sourceTree = "<group>"; };
		9BFC050C1ECC3E33002C63FD /* wjEditContactViewController.xib */ = {isa = PBXFileReference; fileEncoding = 4; lastKnownFileType = file.xib; path = wjEditContactViewController.xib; sourceTree = "<group>"; };
		9BFC050F1ECC415B002C63FD /* wjContactModel.h */ = {isa = PBXFileReference; fileEncoding = 4; lastKnownFileType = sourcecode.c.h; path = wjContactModel.h; sourceTree = "<group>"; };
		9BFC05101ECC415B002C63FD /* wjContactModel.m */ = {isa = PBXFileReference; fileEncoding = 4; lastKnownFileType = sourcecode.c.objc; path = wjContactModel.m; sourceTree = "<group>"; };
/* End PBXFileReference section */

/* Begin PBXFrameworksBuildPhase section */
		9B357C0B1EC9AF45000EB11E /* Frameworks */ = {
			isa = PBXFrameworksBuildPhase;
			buildActionMask = 2147483647;
			files = (
			);
			runOnlyForDeploymentPostprocessing = 0;
		};
/* End PBXFrameworksBuildPhase section */

/* Begin PBXGroup section */
		9B357C051EC9AF45000EB11E = {
			isa = PBXGroup;
			children = (
				9B357C101EC9AF45000EB11E /* 2-通讯录 */,
				9B357C0F1EC9AF45000EB11E /* Products */,
			);
			sourceTree = "<group>";
		};
		9B357C0F1EC9AF45000EB11E /* Products */ = {
			isa = PBXGroup;
			children = (
				9B357C0E1EC9AF45000EB11E /* 2-通讯录.app */,
			);
			name = Products;
			sourceTree = "<group>";
		};
		9B357C101EC9AF45000EB11E /* 2-通讯录 */ = {
			isa = PBXGroup;
			children = (
				9B0FC8B31ECAF73700E7EC53 /* wjAlertSimpleView.h */,
				9B0FC8B41ECAF73700E7EC53 /* wjAlertSimpleView.m */,
				9B357C141EC9AF45000EB11E /* AppDelegate.h */,
				9B357C151EC9AF45000EB11E /* AppDelegate.m */,
				9BFC04F81ECC34BF002C63FD /* wjLoginViewController.h */,
				9BFC04F91ECC34BF002C63FD /* wjLoginViewController.m */,
				9BFC04FA1ECC34BF002C63FD /* wjLoginViewController.xib */,
				9BFC04FD1ECC36A0002C63FD /* wjContactViewController.h */,
				9BFC04FE1ECC36A0002C63FD /* wjContactViewController.m */,
				9BFC04FF1ECC36A0002C63FD /* wjContactViewController.xib */,
				9BFC050F1ECC415B002C63FD /* wjContactModel.h */,
				9BFC05101ECC415B002C63FD /* wjContactModel.m */,
				9BFC05051ECC39BA002C63FD /* wjAddContactViewController.h */,
				9BFC05061ECC39BA002C63FD /* wjAddContactViewController.m */,
				9BFC05071ECC39BA002C63FD /* wjAddContactViewController.xib */,
				9BFC050A1ECC3E33002C63FD /* wjEditContactViewController.h */,
				9BFC050B1ECC3E33002C63FD /* wjEditContactViewController.m */,
				9BFC050C1ECC3E33002C63FD /* wjEditContactViewController.xib */,
				9B357C1A1EC9AF45000EB11E /* Main.storyboard */,
				9B357C1D1EC9AF45000EB11E /* Assets.xcassets */,
				9B357C1F1EC9AF45000EB11E /* LaunchScreen.storyboard */,
				9B357C221EC9AF45000EB11E /* Info.plist */,
				9B357C111EC9AF45000EB11E /* Supporting Files */,
			);
			path = "2-通讯录";
			sourceTree = "<group>";
		};
		9B357C111EC9AF45000EB11E /* Supporting Files */ = {
			isa = PBXGroup;
			children = (
				9B357C121EC9AF45000EB11E /* main.m */,
			);
			name = "Supporting Files";
			sourceTree = "<group>";
		};
/* End PBXGroup section */

/* Begin PBXNativeTarget section */
		9B357C0D1EC9AF45000EB11E /* 2-通讯录 */ = {
			isa = PBXNativeTarget;
			buildConfigurationList = 9B357C251EC9AF45000EB11E /* Build configuration list for PBXNativeTarget "2-通讯录" */;
			buildPhases = (
				9B357C0A1EC9AF45000EB11E /* Sources */,
				9B357C0B1EC9AF45000EB11E /* Frameworks */,
				9B357C0C1EC9AF45000EB11E /* Resources */,
			);
			buildRules = (
			);
			dependencies = (
			);
			name = "2-通讯录";
			productName = "2-通讯录";
			productReference = 9B357C0E1EC9AF45000EB11E /* 2-通讯录.app */;
			productType = "com.apple.product-type.application";
		};
/* End PBXNativeTarget section */

/* Begin PBXProject section */
		9B357C061EC9AF45000EB11E /* Project object */ = {
			isa = PBXProject;
			attributes = {
				LastUpgradeCheck = 0830;
				ORGANIZATIONNAME = wj;
				TargetAttributes = {
					9B357C0D1EC9AF45000EB11E = {
						CreatedOnToolsVersion = 8.3.2;
						ProvisioningStyle = Automatic;
					};
				};
			};
			buildConfigurationList = 9B357C091EC9AF45000EB11E /* Build configuration list for PBXProject "2-通讯录" */;
			compatibilityVersion = "Xcode 3.2";
			developmentRegion = English;
			hasScannedForEncodings = 0;
			knownRegions = (
				en,
				Base,
			);
			mainGroup = 9B357C051EC9AF45000EB11E;
			productRefGroup = 9B357C0F1EC9AF45000EB11E /* Products */;
			projectDirPath = "";
			projectRoot = "";
			targets = (
				9B357C0D1EC9AF45000EB11E /* 2-通讯录 */,
			);
		};
/* End PBXProject section */

/* Begin PBXResourcesBuildPhase section */
		9B357C0C1EC9AF45000EB11E /* Resources */ = {
			isa = PBXResourcesBuildPhase;
			buildActionMask = 2147483647;
			files = (
				9BFC05091ECC39BA002C63FD /* wjAddContactViewController.xib in Resources */,
				9BFC05011ECC36A0002C63FD /* wjContactViewController.xib in Resources */,
				9BFC050E1ECC3E33002C63FD /* wjEditContactViewController.xib in Resources */,
				9B357C211EC9AF45000EB11E /* LaunchScreen.storyboard in Resources */,
				9BFC04FC1ECC34BF002C63FD /* wjLoginViewController.xib in Resources */,
				9B357C1E1EC9AF45000EB11E /* Assets.xcassets in Resources */,
				9B357C1C1EC9AF45000EB11E /* Main.storyboard in Resources */,
			);
			runOnlyForDeploymentPostprocessing = 0;
		};
/* End PBXResourcesBuildPhase section */

/* Begin PBXSourcesBuildPhase section */
		9B357C0A1EC9AF45000EB11E /* Sources */ = {
			isa = PBXSourcesBuildPhase;
			buildActionMask = 2147483647;
			files = (
				9BFC05081ECC39BA002C63FD /* wjAddContactViewController.m in Sources */,
				9BFC05111ECC415B002C63FD /* wjContactModel.m in Sources */,
				9BFC05001ECC36A0002C63FD /* wjContactViewController.m in Sources */,
				9BFC04FB1ECC34BF002C63FD /* wjLoginViewController.m in Sources */,
				9B0FC8B51ECAF73700E7EC53 /* wjAlertSimpleView.m in Sources */,
				9B357C161EC9AF45000EB11E /* AppDelegate.m in Sources */,
				9BFC050D1ECC3E33002C63FD /* wjEditContactViewController.m in Sources */,
				9B357C131EC9AF45000EB11E /* main.m in Sources */,
			);
			runOnlyForDeploymentPostprocessing = 0;
		};
/* End PBXSourcesBuildPhase section */

/* Begin PBXVariantGroup section */
		9B357C1A1EC9AF45000EB11E /* Main.storyboard */ = {
			isa = PBXVariantGroup;
			children = (
				9B357C1B1EC9AF45000EB11E /* Base */,
			);
			name = Main.storyboard;
			sourceTree = "<group>";
		};
		9B357C1F1EC9AF45000EB11E /* LaunchScreen.storyboard */ = {
			isa = PBXVariantGroup;
			children = (
				9B357C201EC9AF45000EB11E /* Base */,
			);
			name = LaunchScreen.storyboard;
			sourceTree = "<group>";
		};
/* End PBXVariantGroup section */

/* Begin XCBuildConfiguration section */
		9B357C231EC9AF45000EB11E /* Debug */ = {
			isa = XCBuildConfiguration;
			buildSettings = {
				ALWAYS_SEARCH_USER_PATHS = NO;
				CLANG_ANALYZER_NONNULL = YES;
				CLANG_ANALYZER_NUMBER_OBJECT_CONVERSION = YES_AGGRESSIVE;
				CLANG_CXX_LANGUAGE_STANDARD = "gnu++0x";
				CLANG_CXX_LIBRARY = "libc++";
				CLANG_ENABLE_MODULES = YES;
				CLANG_ENABLE_OBJC_ARC = YES;
				CLANG_WARN_BOOL_CONVERSION = YES;
				CLANG_WARN_CONSTANT_CONVERSION = YES;
				CLANG_WARN_DIRECT_OBJC_ISA_USAGE = YES_ERROR;
				CLANG_WARN_DOCUMENTATION_COMMENTS = YES;
				CLANG_WARN_EMPTY_BODY = YES;
				CLANG_WARN_ENUM_CONVERSION = YES;
				CLANG_WARN_INFINITE_RECURSION = YES;
				CLANG_WARN_INT_CONVERSION = YES;
				CLANG_WARN_OBJC_ROOT_CLASS = YES_ERROR;
				CLANG_WARN_SUSPICIOUS_MOVE = YES;
				CLANG_WARN_UNREACHABLE_CODE = YES;
				CLANG_WARN__DUPLICATE_METHOD_MATCH = YES;
				"CODE_SIGN_IDENTITY[sdk=iphoneos*]" = "iPhone Developer";
				COPY_PHASE_STRIP = NO;
				DEBUG_INFORMATION_FORMAT = dwarf;
				ENABLE_STRICT_OBJC_MSGSEND = YES;
				ENABLE_TESTABILITY = YES;
				GCC_C_LANGUAGE_STANDARD = gnu99;
				GCC_DYNAMIC_NO_PIC = NO;
				GCC_NO_COMMON_BLOCKS = YES;
				GCC_OPTIMIZATION_LEVEL = 0;
				GCC_PREPROCESSOR_DEFINITIONS = (
					"DEBUG=1",
					"$(inherited)",
				);
				GCC_WARN_64_TO_32_BIT_CONVERSION = YES;
				GCC_WARN_ABOUT_RETURN_TYPE = YES_ERROR;
				GCC_WARN_UNDECLARED_SELECTOR = YES;
				GCC_WARN_UNINITIALIZED_AUTOS = YES_AGGRESSIVE;
				GCC_WARN_UNUSED_FUNCTION = YES;
				GCC_WARN_UNUSED_VARIABLE = YES;
				IPHONEOS_DEPLOYMENT_TARGET = 10.3;
				MTL_ENABLE_DEBUG_INFO = YES;
				ONLY_ACTIVE_ARCH = YES;
				SDKROOT = iphoneos;
			};
			name = Debug;
		};
		9B357C241EC9AF45000EB11E /* Release */ = {
			isa = XCBuildConfiguration;
			buildSettings = {
				ALWAYS_SEARCH_USER_PATHS = NO;
				CLANG_ANALYZER_NONNULL = YES;
				CLANG_ANALYZER_NUMBER_OBJECT_CONVERSION = YES_AGGRESSIVE;
				CLANG_CXX_LANGUAGE_STANDARD = "gnu++0x";
				CLANG_CXX_LIBRARY = "libc++";
				CLANG_ENABLE_MODULES = YES;
				CLANG_ENABLE_OBJC_ARC = YES;
				CLANG_WARN_BOOL_CONVERSION = YES;
				CLANG_WARN_CONSTANT_CONVERSION = YES;
				CLANG_WARN_DIRECT_OBJC_ISA_USAGE = YES_ERROR;
				CLANG_WARN_DOCUMENTATION_COMMENTS = YES;
				CLANG_WARN_EMPTY_BODY = YES;
				CLANG_WARN_ENUM_CONVERSION = YES;
				CLANG_WARN_INFINITE_RECURSION = YES;
				CLANG_WARN_INT_CONVERSION = YES;
				CLANG_WARN_OBJC_ROOT_CLASS = YES_ERROR;
				CLANG_WARN_SUSPICIOUS_MOVE = YES;
				CLANG_WARN_UNREACHABLE_CODE = YES;
				CLANG_WARN__DUPLICATE_METHOD_MATCH = YES;
				"CODE_SIGN_IDENTITY[sdk=iphoneos*]" = "iPhone Developer";
				COPY_PHASE_STRIP = NO;
				DEBUG_INFORMATION_FORMAT = "dwarf-with-dsym";
				ENABLE_NS_ASSERTIONS = NO;
				ENABLE_STRICT_OBJC_MSGSEND = YES;
				GCC_C_LANGUAGE_STANDARD = gnu99;
				GCC_NO_COMMON_BLOCKS = YES;
				GCC_WARN_64_TO_32_BIT_CONVERSION = YES;
				GCC_WARN_ABOUT_RETURN_TYPE = YES_ERROR;
				GCC_WARN_UNDECLARED_SELECTOR = YES;
				GCC_WARN_UNINITIALIZED_AUTOS = YES_AGGRESSIVE;
				GCC_WARN_UNUSED_FUNCTION = YES;
				GCC_WARN_UNUSED_VARIABLE = YES;
				IPHONEOS_DEPLOYMENT_TARGET = 10.3;
				MTL_ENABLE_DEBUG_INFO = NO;
				SDKROOT = iphoneos;
				VALIDATE_PRODUCT = YES;
			};
			name = Release;
		};
		9B357C261EC9AF45000EB11E /* Debug */ = {
			isa = XCBuildConfiguration;
			buildSettings = {
				ASSETCATALOG_COMPILER_APPICON_NAME = AppIcon;
				DEVELOPMENT_TEAM = "";
				INFOPLIST_FILE = "2-通讯录/Info.plist";
				LD_RUNPATH_SEARCH_PATHS = "$(inherited) @executable_path/Frameworks";
				PRODUCT_BUNDLE_IDENTIFIER = "com.test.wj.-----";
				PRODUCT_NAME = "$(TARGET_NAME)";
			};
			name = Debug;
		};
		9B357C271EC9AF45000EB11E /* Release */ = {
			isa = XCBuildConfiguration;
			buildSettings = {
				ASSETCATALOG_COMPILER_APPICON_NAME = AppIcon;
				DEVELOPMENT_TEAM = "";
				INFOPLIST_FILE = "2-通讯录/Info.plist";
				LD_RUNPATH_SEARCH_PATHS = "$(inherited) @executable_path/Frameworks";
				PRODUCT_BUNDLE_IDENTIFIER = "com.test.wj.-----";
				PRODUCT_NAME = "$(TARGET_NAME)";
			};
			name = Release;
		};
/* End XCBuildConfiguration section */

/* Begin XCConfigurationList section */
		9B357C091EC9AF45000EB11E /* Build configuration list for PBXProject "2-通讯录" */ = {
			isa = XCConfigurationList;
			buildConfigurations = (
				9B357C231EC9AF45000EB11E /* Debug */,
				9B357C241EC9AF45000EB11E /* Release */,
			);
			defaultConfigurationIsVisible = 0;
			defaultConfigurationName = Release;
		};
		9B357C251EC9AF45000EB11E /* Build configuration list for PBXNativeTarget "2-通讯录" */ = {
			isa = XCConfigurationList;
			buildConfigurations = (
				9B357C261EC9AF45000EB11E /* Debug */,
				9B357C271EC9AF45000EB11E /* Release */,
			);
			defaultConfigurationIsVisible = 0;
			defaultConfigurationName = Release;
		};
/* End XCConfigurationList section */
	};
	rootObject = 9B357C061EC9AF45000EB11E /* Project object */;
}
