// !$*UTF8*$!
{
	archiveVersion = 1;
	classes = {
	};
	objectVersion = 46;
	objects = {

/* Begin PBXBuildFile section */
		9BA295371EC19B1500850B47 /* main.m in Sources */ = {isa = PBXBuildFile; fileRef = 9BA295361EC19B1500850B47 /* main.m */; };
		9BA2953A1EC19B1500850B47 /* AppDelegate.m in Sources */ = {isa = PBXBuildFile; fileRef = 9BA295391EC19B1500850B47 /* AppDelegate.m */; };
		9BA2953D1EC19B1500850B47 /* ViewController.m in Sources */ = {isa = PBXBuildFile; fileRef = 9BA2953C1EC19B1500850B47 /* ViewController.m */; };
		9BA295401EC19B1500850B47 /* Main.storyboard in Resources */ = {isa = PBXBuildFile; fileRef = 9BA2953E1EC19B1500850B47 /* Main.storyboard */; };
		9BA295421EC19B1500850B47 /* Assets.xcassets in Resources */ = {isa = PBXBuildFile; fileRef = 9BA295411EC19B1500850B47 /* Assets.xcassets */; };
		9BA295451EC19B1500850B47 /* LaunchScreen.storyboard in Resources */ = {isa = PBXBuildFile; fileRef = 9BA295431EC19B1500850B47 /* LaunchScreen.storyboard */; };
/* End PBXBuildFile section */

/* Begin PBXFileReference section */
		9BA295321EC19B1500850B47 /* 8-静态cell.app */ = {isa = PBXFileReference; explicitFileType = wrapper.application; includeInIndex = 0; path = "8-静态cell.app"; sourceTree = BUILT_PRODUCTS_DIR; };
		9BA295361EC19B1500850B47 /* main.m */ = {isa = PBXFileReference; lastKnownFileType = sourcecode.c.objc; path = main.m; sourceTree = "<group>"; };
		9BA295381EC19B1500850B47 /* AppDelegate.h */ = {isa = PBXFileReference; lastKnownFileType = sourcecode.c.h; path = AppDelegate.h; sourceTree = "<group>"; };
		9BA295391EC19B1500850B47 /* AppDelegate.m */ = {isa = PBXFileReference; lastKnownFileType = sourcecode.c.objc; path = AppDelegate.m; sourceTree = "<group>"; };
		9BA2953B1EC19B1500850B47 /* ViewController.h */ = {isa = PBXFileReference; lastKnownFileType = sourcecode.c.h; path = ViewController.h; sourceTree = "<group>"; };
		9BA2953C1EC19B1500850B47 /* ViewController.m */ = {isa = PBXFileReference; lastKnownFileType = sourcecode.c.objc; path = ViewController.m; sourceTree = "<group>"; };
		9BA2953F1EC19B1500850B47 /* Base */ = {isa = PBXFileReference; lastKnownFileType = file.storyboard; name = Base; path = Base.lproj/Main.storyboard; sourceTree = "<group>"; };
		9BA295411EC19B1500850B47 /* Assets.xcassets */ = {isa = PBXFileReference; lastKnownFileType = folder.assetcatalog; path = Assets.xcassets; sourceTree = "<group>"; };
		9BA295441EC19B1500850B47 /* Base */ = {isa = PBXFileReference; lastKnownFileType = file.storyboard; name = Base; path = Base.lproj/LaunchScreen.storyboard; sourceTree = "<group>"; };
		9BA295461EC19B1500850B47 /* Info.plist */ = {isa = PBXFileReference; lastKnownFileType = text.plist.xml; path = Info.plist; sourceTree = "<group>"; };
/* End PBXFileReference section */

/* Begin PBXFrameworksBuildPhase section */
		9BA2952F1EC19B1500850B47 /* Frameworks */ = {
			isa = PBXFrameworksBuildPhase;
			buildActionMask = 2147483647;
			files = (
			);
			runOnlyForDeploymentPostprocessing = 0;
		};
/* End PBXFrameworksBuildPhase section */

/* Begin PBXGroup section */
		9BA295291EC19B1500850B47 = {
			isa = PBXGroup;
			children = (
				9BA295341EC19B1500850B47 /* 8-静态cell */,
				9BA295331EC19B1500850B47 /* Products */,
			);
			sourceTree = "<group>";
		};
		9BA295331EC19B1500850B47 /* Products */ = {
			isa = PBXGroup;
			children = (
				9BA295321EC19B1500850B47 /* 8-静态cell.app */,
			);
			name = Products;
			sourceTree = "<group>";
		};
		9BA295341EC19B1500850B47 /* 8-静态cell */ = {
			isa = PBXGroup;
			children = (
				9BA295381EC19B1500850B47 /* AppDelegate.h */,
				9BA295391EC19B1500850B47 /* AppDelegate.m */,
				9BA2953B1EC19B1500850B47 /* ViewController.h */,
				9BA2953C1EC19B1500850B47 /* ViewController.m */,
				9BA2953E1EC19B1500850B47 /* Main.storyboard */,
				9BA295411EC19B1500850B47 /* Assets.xcassets */,
				9BA295431EC19B1500850B47 /* LaunchScreen.storyboard */,
				9BA295461EC19B1500850B47 /* Info.plist */,
				9BA295351EC19B1500850B47 /* Supporting Files */,
			);
			path = "8-静态cell";
			sourceTree = "<group>";
		};
		9BA295351EC19B1500850B47 /* Supporting Files */ = {
			isa = PBXGroup;
			children = (
				9BA295361EC19B1500850B47 /* main.m */,
			);
			name = "Supporting Files";
			sourceTree = "<group>";
		};
/* End PBXGroup section */

/* Begin PBXNativeTarget section */
		9BA295311EC19B1500850B47 /* 8-静态cell */ = {
			isa = PBXNativeTarget;
			buildConfigurationList = 9BA295491EC19B1500850B47 /* Build configuration list for PBXNativeTarget "8-静态cell" */;
			buildPhases = (
				9BA2952E1EC19B1500850B47 /* Sources */,
				9BA2952F1EC19B1500850B47 /* Frameworks */,
				9BA295301EC19B1500850B47 /* Resources */,
			);
			buildRules = (
			);
			dependencies = (
			);
			name = "8-静态cell";
			productName = "8-静态cell";
			productReference = 9BA295321EC19B1500850B47 /* 8-静态cell.app */;
			productType = "com.apple.product-type.application";
		};
/* End PBXNativeTarget section */

/* Begin PBXProject section */
		9BA2952A1EC19B1500850B47 /* Project object */ = {
			isa = PBXProject;
			attributes = {
				LastUpgradeCheck = 0830;
				ORGANIZATIONNAME = wj;
				TargetAttributes = {
					9BA295311EC19B1500850B47 = {
						CreatedOnToolsVersion = 8.3.2;
						DevelopmentTeam = 684VKU9G29;
						ProvisioningStyle = Automatic;
					};
				};
			};
			buildConfigurationList = 9BA2952D1EC19B1500850B47 /* Build configuration list for PBXProject "8-静态cell" */;
			compatibilityVersion = "Xcode 3.2";
			developmentRegion = English;
			hasScannedForEncodings = 0;
			knownRegions = (
				en,
				Base,
			);
			mainGroup = 9BA295291EC19B1500850B47;
			productRefGroup = 9BA295331EC19B1500850B47 /* Products */;
			projectDirPath = "";
			projectRoot = "";
			targets = (
				9BA295311EC19B1500850B47 /* 8-静态cell */,
			);
		};
/* End PBXProject section */

/* Begin PBXResourcesBuildPhase section */
		9BA295301EC19B1500850B47 /* Resources */ = {
			isa = PBXResourcesBuildPhase;
			buildActionMask = 2147483647;
			files = (
				9BA295451EC19B1500850B47 /* LaunchScreen.storyboard in Resources */,
				9BA295421EC19B1500850B47 /* Assets.xcassets in Resources */,
				9BA295401EC19B1500850B47 /* Main.storyboard in Resources */,
			);
			runOnlyForDeploymentPostprocessing = 0;
		};
/* End PBXResourcesBuildPhase section */

/* Begin PBXSourcesBuildPhase section */
		9BA2952E1EC19B1500850B47 /* Sources */ = {
			isa = PBXSourcesBuildPhase;
			buildActionMask = 2147483647;
			files = (
				9BA2953D1EC19B1500850B47 /* ViewController.m in Sources */,
				9BA2953A1EC19B1500850B47 /* AppDelegate.m in Sources */,
				9BA295371EC19B1500850B47 /* main.m in Sources */,
			);
			runOnlyForDeploymentPostprocessing = 0;
		};
/* End PBXSourcesBuildPhase section */

/* Begin PBXVariantGroup section */
		9BA2953E1EC19B1500850B47 /* Main.storyboard */ = {
			isa = PBXVariantGroup;
			children = (
				9BA2953F1EC19B1500850B47 /* Base */,
			);
			name = Main.storyboard;
			sourceTree = "<group>";
		};
		9BA295431EC19B1500850B47 /* LaunchScreen.storyboard */ = {
			isa = PBXVariantGroup;
			children = (
				9BA295441EC19B1500850B47 /* Base */,
			);
			name = LaunchScreen.storyboard;
			sourceTree = "<group>";
		};
/* End PBXVariantGroup section */

/* Begin XCBuildConfiguration section */
		9BA295471EC19B1500850B47 /* Debug */ = {
			isa = XCBuildConfiguration;
			buildSettings = {
				ALWAYS_SEARCH_USER_PATHS = NO;
				CLANG_ANALYZER_NONNULL = YES;
				CLANG_ANALYZER_NUMBER_OBJECT_CONVERSION = YES_AGGRESSIVE;
				CLANG_CXX_LANGUAGE_STANDARD = "gnu++0x";
				CLANG_CXX_LIBRARY = "libc++";
				CLANG_ENABLE_MODULES = YES;
				CLANG_ENABLE_OBJC_ARC = YES;
				CLANG_WARN_BOOL_CONVERSION = YES;
				CLANG_WARN_CONSTANT_CONVERSION = YES;
				CLANG_WARN_DIRECT_OBJC_ISA_USAGE = YES_ERROR;
				CLANG_WARN_DOCUMENTATION_COMMENTS = YES;
				CLANG_WARN_EMPTY_BODY = YES;
				CLANG_WARN_ENUM_CONVERSION = YES;
				CLANG_WARN_INFINITE_RECURSION = YES;
				CLANG_WARN_INT_CONVERSION = YES;
				CLANG_WARN_OBJC_ROOT_CLASS = YES_ERROR;
				CLANG_WARN_SUSPICIOUS_MOVE = YES;
				CLANG_WARN_UNREACHABLE_CODE = YES;
				CLANG_WARN__DUPLICATE_METHOD_MATCH = YES;
				"CODE_SIGN_IDENTITY[sdk=iphoneos*]" = "iPhone Developer";
				COPY_PHASE_STRIP = NO;
				DEBUG_INFORMATION_FORMAT = dwarf;
				ENABLE_STRICT_OBJC_MSGSEND = YES;
				ENABLE_TESTABILITY = YES;
				GCC_C_LANGUAGE_STANDARD = gnu99;
				GCC_DYNAMIC_NO_PIC = NO;
				GCC_NO_COMMON_BLOCKS = YES;
				GCC_OPTIMIZATION_LEVEL = 0;
				GCC_PREPROCESSOR_DEFINITIONS = (
					"DEBUG=1",
					"$(inherited)",
				);
				GCC_WARN_64_TO_32_BIT_CONVERSION = YES;
				GCC_WARN_ABOUT_RETURN_TYPE = YES_ERROR;
				GCC_WARN_UNDECLARED_SELECTOR = YES;
				GCC_WARN_UNINITIALIZED_AUTOS = YES_AGGRESSIVE;
				GCC_WARN_UNUSED_FUNCTION = YES;
				GCC_WARN_UNUSED_VARIABLE = YES;
				IPHONEOS_DEPLOYMENT_TARGET = 10.3;
				MTL_ENABLE_DEBUG_INFO = YES;
				ONLY_ACTIVE_ARCH = YES;
				SDKROOT = iphoneos;
			};
			name = Debug;
		};
		9BA295481EC19B1500850B47 /* Release */ = {
			isa = XCBuildConfiguration;
			buildSettings = {
				ALWAYS_SEARCH_USER_PATHS = NO;
				CLANG_ANALYZER_NONNULL = YES;
				CLANG_ANALYZER_NUMBER_OBJECT_CONVERSION = YES_AGGRESSIVE;
				CLANG_CXX_LANGUAGE_STANDARD = "gnu++0x";
				CLANG_CXX_LIBRARY = "libc++";
				CLANG_ENABLE_MODULES = YES;
				CLANG_ENABLE_OBJC_ARC = YES;
				CLANG_WARN_BOOL_CONVERSION = YES;
				CLANG_WARN_CONSTANT_CONVERSION = YES;
				CLANG_WARN_DIRECT_OBJC_ISA_USAGE = YES_ERROR;
				CLANG_WARN_DOCUMENTATION_COMMENTS = YES;
				CLANG_WARN_EMPTY_BODY = YES;
				CLANG_WARN_ENUM_CONVERSION = YES;
				CLANG_WARN_INFINITE_RECURSION = YES;
				CLANG_WARN_INT_CONVERSION = YES;
				CLANG_WARN_OBJC_ROOT_CLASS = YES_ERROR;
				CLANG_WARN_SUSPICIOUS_MOVE = YES;
				CLANG_WARN_UNREACHABLE_CODE = YES;
				CLANG_WARN__DUPLICATE_METHOD_MATCH = YES;
				"CODE_SIGN_IDENTITY[sdk=iphoneos*]" = "iPhone Developer";
				COPY_PHASE_STRIP = NO;
				DEBUG_INFORMATION_FORMAT = "dwarf-with-dsym";
				ENABLE_NS_ASSERTIONS = NO;
				ENABLE_STRICT_OBJC_MSGSEND = YES;
				GCC_C_LANGUAGE_STANDARD = gnu99;
				GCC_NO_COMMON_BLOCKS = YES;
				GCC_WARN_64_TO_32_BIT_CONVERSION = YES;
				GCC_WARN_ABOUT_RETURN_TYPE = YES_ERROR;
				GCC_WARN_UNDECLARED_SELECTOR = YES;
				GCC_WARN_UNINITIALIZED_AUTOS = YES_AGGRESSIVE;
				GCC_WARN_UNUSED_FUNCTION = YES;
				GCC_WARN_UNUSED_VARIABLE = YES;
				IPHONEOS_DEPLOYMENT_TARGET = 10.3;
				MTL_ENABLE_DEBUG_INFO = NO;
				SDKROOT = iphoneos;
				VALIDATE_PRODUCT = YES;
			};
			name = Release;
		};
		9BA2954A1EC19B1500850B47 /* Debug */ = {
			isa = XCBuildConfiguration;
			buildSettings = {
				ASSETCATALOG_COMPILER_APPICON_NAME = AppIcon;
				DEVELOPMENT_TEAM = 684VKU9G29;
				INFOPLIST_FILE = "8-静态cell/Info.plist";
				LD_RUNPATH_SEARCH_PATHS = "$(inherited) @executable_path/Frameworks";
				PRODUCT_BUNDLE_IDENTIFIER = "com.test.wj.----cell";
				PRODUCT_NAME = "$(TARGET_NAME)";
			};
			name = Debug;
		};
		9BA2954B1EC19B1500850B47 /* Release */ = {
			isa = XCBuildConfiguration;
			buildSettings = {
				ASSETCATALOG_COMPILER_APPICON_NAME = AppIcon;
				DEVELOPMENT_TEAM = 684VKU9G29;
				INFOPLIST_FILE = "8-静态cell/Info.plist";
				LD_RUNPATH_SEARCH_PATHS = "$(inherited) @executable_path/Frameworks";
				PRODUCT_BUNDLE_IDENTIFIER = "com.test.wj.----cell";
				PRODUCT_NAME = "$(TARGET_NAME)";
			};
			name = Release;
		};
/* End XCBuildConfiguration section */

/* Begin XCConfigurationList section */
		9BA2952D1EC19B1500850B47 /* Build configuration list for PBXProject "8-静态cell" */ = {
			isa = XCConfigurationList;
			buildConfigurations = (
				9BA295471EC19B1500850B47 /* Debug */,
				9BA295481EC19B1500850B47 /* Release */,
			);
			defaultConfigurationIsVisible = 0;
			defaultConfigurationName = Release;
		};
		9BA295491EC19B1500850B47 /* Build configuration list for PBXNativeTarget "8-静态cell" */ = {
			isa = XCConfigurationList;
			buildConfigurations = (
				9BA2954A1EC19B1500850B47 /* Debug */,
				9BA2954B1EC19B1500850B47 /* Release */,
			);
			defaultConfigurationIsVisible = 0;
		};
/* End XCConfigurationList section */
	};
	rootObject = 9BA2952A1EC19B1500850B47 /* Project object */;
}
