// !$*UTF8*$!
{
	archiveVersion = 1;
	classes = {
	};
	objectVersion = 46;
	objects = {

/* Begin PBXBuildFile section */
		9BB5545E1E87BD05005418D7 /* main.m in Sources */ = {isa = PBXBuildFile; fileRef = 9BB5545D1E87BD05005418D7 /* main.m */; };
		9BB554611E87BD05005418D7 /* AppDelegate.m in Sources */ = {isa = PBXBuildFile; fileRef = 9BB554601E87BD05005418D7 /* AppDelegate.m */; };
		9BB554641E87BD05005418D7 /* ViewController.m in Sources */ = {isa = PBXBuildFile; fileRef = 9BB554631E87BD05005418D7 /* ViewController.m */; };
		9BB554671E87BD05005418D7 /* Main.storyboard in Resources */ = {isa = PBXBuildFile; fileRef = 9BB554651E87BD05005418D7 /* Main.storyboard */; };
		9BB554691E87BD05005418D7 /* Assets.xcassets in Resources */ = {isa = PBXBuildFile; fileRef = 9BB554681E87BD05005418D7 /* Assets.xcassets */; };
		9BB5546C1E87BD05005418D7 /* LaunchScreen.storyboard in Resources */ = {isa = PBXBuildFile; fileRef = 9BB5546A1E87BD05005418D7 /* LaunchScreen.storyboard */; };
/* End PBXBuildFile section */

/* Begin PBXFileReference section */
		9BB554591E87BD05005418D7 /* 5-autoLayoutInCode.app */ = {isa = PBXFileReference; explicitFileType = wrapper.application; includeInIndex = 0; path = "5-autoLayoutInCode.app"; sourceTree = BUILT_PRODUCTS_DIR; };
		9BB5545D1E87BD05005418D7 /* main.m */ = {isa = PBXFileReference; lastKnownFileType = sourcecode.c.objc; path = main.m; sourceTree = "<group>"; };
		9BB5545F1E87BD05005418D7 /* AppDelegate.h */ = {isa = PBXFileReference; lastKnownFileType = sourcecode.c.h; path = AppDelegate.h; sourceTree = "<group>"; };
		9BB554601E87BD05005418D7 /* AppDelegate.m */ = {isa = PBXFileReference; lastKnownFileType = sourcecode.c.objc; path = AppDelegate.m; sourceTree = "<group>"; };
		9BB554621E87BD05005418D7 /* ViewController.h */ = {isa = PBXFileReference; lastKnownFileType = sourcecode.c.h; path = ViewController.h; sourceTree = "<group>"; };
		9BB554631E87BD05005418D7 /* ViewController.m */ = {isa = PBXFileReference; lastKnownFileType = sourcecode.c.objc; path = ViewController.m; sourceTree = "<group>"; };
		9BB554661E87BD05005418D7 /* Base */ = {isa = PBXFileReference; lastKnownFileType = file.storyboard; name = Base; path = Base.lproj/Main.storyboard; sourceTree = "<group>"; };
		9BB554681E87BD05005418D7 /* Assets.xcassets */ = {isa = PBXFileReference; lastKnownFileType = folder.assetcatalog; path = Assets.xcassets; sourceTree = "<group>"; };
		9BB5546B1E87BD05005418D7 /* Base */ = {isa = PBXFileReference; lastKnownFileType = file.storyboard; name = Base; path = Base.lproj/LaunchScreen.storyboard; sourceTree = "<group>"; };
		9BB5546D1E87BD05005418D7 /* Info.plist */ = {isa = PBXFileReference; lastKnownFileType = text.plist.xml; path = Info.plist; sourceTree = "<group>"; };
/* End PBXFileReference section */

/* Begin PBXFrameworksBuildPhase section */
		9BB554561E87BD05005418D7 /* Frameworks */ = {
			isa = PBXFrameworksBuildPhase;
			buildActionMask = 2147483647;
			files = (
			);
			runOnlyForDeploymentPostprocessing = 0;
		};
/* End PBXFrameworksBuildPhase section */

/* Begin PBXGroup section */
		9BB554501E87BD05005418D7 = {
			isa = PBXGroup;
			children = (
				9BB5545B1E87BD05005418D7 /* 5-autoLayoutInCode */,
				9BB5545A1E87BD05005418D7 /* Products */,
			);
			sourceTree = "<group>";
		};
		9BB5545A1E87BD05005418D7 /* Products */ = {
			isa = PBXGroup;
			children = (
				9BB554591E87BD05005418D7 /* 5-autoLayoutInCode.app */,
			);
			name = Products;
			sourceTree = "<group>";
		};
		9BB5545B1E87BD05005418D7 /* 5-autoLayoutInCode */ = {
			isa = PBXGroup;
			children = (
				9BB5545F1E87BD05005418D7 /* AppDelegate.h */,
				9BB554601E87BD05005418D7 /* AppDelegate.m */,
				9BB554621E87BD05005418D7 /* ViewController.h */,
				9BB554631E87BD05005418D7 /* ViewController.m */,
				9BB554651E87BD05005418D7 /* Main.storyboard */,
				9BB554681E87BD05005418D7 /* Assets.xcassets */,
				9BB5546A1E87BD05005418D7 /* LaunchScreen.storyboard */,
				9BB5546D1E87BD05005418D7 /* Info.plist */,
				9BB5545C1E87BD05005418D7 /* Supporting Files */,
			);
			path = "5-autoLayoutInCode";
			sourceTree = "<group>";
		};
		9BB5545C1E87BD05005418D7 /* Supporting Files */ = {
			isa = PBXGroup;
			children = (
				9BB5545D1E87BD05005418D7 /* main.m */,
			);
			name = "Supporting Files";
			sourceTree = "<group>";
		};
/* End PBXGroup section */

/* Begin PBXNativeTarget section */
		9BB554581E87BD05005418D7 /* 5-autoLayoutInCode */ = {
			isa = PBXNativeTarget;
			buildConfigurationList = 9BB554701E87BD05005418D7 /* Build configuration list for PBXNativeTarget "5-autoLayoutInCode" */;
			buildPhases = (
				9BB554551E87BD05005418D7 /* Sources */,
				9BB554561E87BD05005418D7 /* Frameworks */,
				9BB554571E87BD05005418D7 /* Resources */,
			);
			buildRules = (
			);
			dependencies = (
			);
			name = "5-autoLayoutInCode";
			productName = "5-autoLayoutInCode";
			productReference = 9BB554591E87BD05005418D7 /* 5-autoLayoutInCode.app */;
			productType = "com.apple.product-type.application";
		};
/* End PBXNativeTarget section */

/* Begin PBXProject section */
		9BB554511E87BD05005418D7 /* Project object */ = {
			isa = PBXProject;
			attributes = {
				LastUpgradeCheck = 0820;
				ORGANIZATIONNAME = "王钧";
				TargetAttributes = {
					9BB554581E87BD05005418D7 = {
						CreatedOnToolsVersion = 8.2.1;
						ProvisioningStyle = Automatic;
					};
				};
			};
			buildConfigurationList = 9BB554541E87BD05005418D7 /* Build configuration list for PBXProject "5-autoLayoutInCode" */;
			compatibilityVersion = "Xcode 3.2";
			developmentRegion = English;
			hasScannedForEncodings = 0;
			knownRegions = (
				en,
				Base,
			);
			mainGroup = 9BB554501E87BD05005418D7;
			productRefGroup = 9BB5545A1E87BD05005418D7 /* Products */;
			projectDirPath = "";
			projectRoot = "";
			targets = (
				9BB554581E87BD05005418D7 /* 5-autoLayoutInCode */,
			);
		};
/* End PBXProject section */

/* Begin PBXResourcesBuildPhase section */
		9BB554571E87BD05005418D7 /* Resources */ = {
			isa = PBXResourcesBuildPhase;
			buildActionMask = 2147483647;
			files = (
				9BB5546C1E87BD05005418D7 /* LaunchScreen.storyboard in Resources */,
				9BB554691E87BD05005418D7 /* Assets.xcassets in Resources */,
				9BB554671E87BD05005418D7 /* Main.storyboard in Resources */,
			);
			runOnlyForDeploymentPostprocessing = 0;
		};
/* End PBXResourcesBuildPhase section */

/* Begin PBXSourcesBuildPhase section */
		9BB554551E87BD05005418D7 /* Sources */ = {
			isa = PBXSourcesBuildPhase;
			buildActionMask = 2147483647;
			files = (
				9BB554641E87BD05005418D7 /* ViewController.m in Sources */,
				9BB554611E87BD05005418D7 /* AppDelegate.m in Sources */,
				9BB5545E1E87BD05005418D7 /* main.m in Sources */,
			);
			runOnlyForDeploymentPostprocessing = 0;
		};
/* End PBXSourcesBuildPhase section */

/* Begin PBXVariantGroup section */
		9BB554651E87BD05005418D7 /* Main.storyboard */ = {
			isa = PBXVariantGroup;
			children = (
				9BB554661E87BD05005418D7 /* Base */,
			);
			name = Main.storyboard;
			sourceTree = "<group>";
		};
		9BB5546A1E87BD05005418D7 /* LaunchScreen.storyboard */ = {
			isa = PBXVariantGroup;
			children = (
				9BB5546B1E87BD05005418D7 /* Base */,
			);
			name = LaunchScreen.storyboard;
			sourceTree = "<group>";
		};
/* End PBXVariantGroup section */

/* Begin XCBuildConfiguration section */
		9BB5546E1E87BD05005418D7 /* Debug */ = {
			isa = XCBuildConfiguration;
			buildSettings = {
				ALWAYS_SEARCH_USER_PATHS = NO;
				CLANG_ANALYZER_NONNULL = YES;
				CLANG_CXX_LANGUAGE_STANDARD = "gnu++0x";
				CLANG_CXX_LIBRARY = "libc++";
				CLANG_ENABLE_MODULES = YES;
				CLANG_ENABLE_OBJC_ARC = YES;
				CLANG_WARN_BOOL_CONVERSION = YES;
				CLANG_WARN_CONSTANT_CONVERSION = YES;
				CLANG_WARN_DIRECT_OBJC_ISA_USAGE = YES_ERROR;
				CLANG_WARN_DOCUMENTATION_COMMENTS = YES;
				CLANG_WARN_EMPTY_BODY = YES;
				CLANG_WARN_ENUM_CONVERSION = YES;
				CLANG_WARN_INFINITE_RECURSION = YES;
				CLANG_WARN_INT_CONVERSION = YES;
				CLANG_WARN_OBJC_ROOT_CLASS = YES_ERROR;
				CLANG_WARN_SUSPICIOUS_MOVE = YES;
				CLANG_WARN_UNREACHABLE_CODE = YES;
				CLANG_WARN__DUPLICATE_METHOD_MATCH = YES;
				"CODE_SIGN_IDENTITY[sdk=iphoneos*]" = "iPhone Developer";
				COPY_PHASE_STRIP = NO;
				DEBUG_INFORMATION_FORMAT = dwarf;
				ENABLE_STRICT_OBJC_MSGSEND = YES;
				ENABLE_TESTABILITY = YES;
				GCC_C_LANGUAGE_STANDARD = gnu99;
				GCC_DYNAMIC_NO_PIC = NO;
				GCC_NO_COMMON_BLOCKS = YES;
				GCC_OPTIMIZATION_LEVEL = 0;
				GCC_PREPROCESSOR_DEFINITIONS = (
					"DEBUG=1",
					"$(inherited)",
				);
				GCC_WARN_64_TO_32_BIT_CONVERSION = YES;
				GCC_WARN_ABOUT_RETURN_TYPE = YES_ERROR;
				GCC_WARN_UNDECLARED_SELECTOR = YES;
				GCC_WARN_UNINITIALIZED_AUTOS = YES_AGGRESSIVE;
				GCC_WARN_UNUSED_FUNCTION = YES;
				GCC_WARN_UNUSED_VARIABLE = YES;
				IPHONEOS_DEPLOYMENT_TARGET = 10.2;
				MTL_ENABLE_DEBUG_INFO = YES;
				ONLY_ACTIVE_ARCH = YES;
				SDKROOT = iphoneos;
			};
			name = Debug;
		};
		9BB5546F1E87BD05005418D7 /* Release */ = {
			isa = XCBuildConfiguration;
			buildSettings = {
				ALWAYS_SEARCH_USER_PATHS = NO;
				CLANG_ANALYZER_NONNULL = YES;
				CLANG_CXX_LANGUAGE_STANDARD = "gnu++0x";
				CLANG_CXX_LIBRARY = "libc++";
				CLANG_ENABLE_MODULES = YES;
				CLANG_ENABLE_OBJC_ARC = YES;
				CLANG_WARN_BOOL_CONVERSION = YES;
				CLANG_WARN_CONSTANT_CONVERSION = YES;
				CLANG_WARN_DIRECT_OBJC_ISA_USAGE = YES_ERROR;
				CLANG_WARN_DOCUMENTATION_COMMENTS = YES;
				CLANG_WARN_EMPTY_BODY = YES;
				CLANG_WARN_ENUM_CONVERSION = YES;
				CLANG_WARN_INFINITE_RECURSION = YES;
				CLANG_WARN_INT_CONVERSION = YES;
				CLANG_WARN_OBJC_ROOT_CLASS = YES_ERROR;
				CLANG_WARN_SUSPICIOUS_MOVE = YES;
				CLANG_WARN_UNREACHABLE_CODE = YES;
				CLANG_WARN__DUPLICATE_METHOD_MATCH = YES;
				"CODE_SIGN_IDENTITY[sdk=iphoneos*]" = "iPhone Developer";
				COPY_PHASE_STRIP = NO;
				DEBUG_INFORMATION_FORMAT = "dwarf-with-dsym";
				ENABLE_NS_ASSERTIONS = NO;
				ENABLE_STRICT_OBJC_MSGSEND = YES;
				GCC_C_LANGUAGE_STANDARD = gnu99;
				GCC_NO_COMMON_BLOCKS = YES;
				GCC_WARN_64_TO_32_BIT_CONVERSION = YES;
				GCC_WARN_ABOUT_RETURN_TYPE = YES_ERROR;
				GCC_WARN_UNDECLARED_SELECTOR = YES;
				GCC_WARN_UNINITIALIZED_AUTOS = YES_AGGRESSIVE;
				GCC_WARN_UNUSED_FUNCTION = YES;
				GCC_WARN_UNUSED_VARIABLE = YES;
				IPHONEOS_DEPLOYMENT_TARGET = 10.2;
				MTL_ENABLE_DEBUG_INFO = NO;
				SDKROOT = iphoneos;
				VALIDATE_PRODUCT = YES;
			};
			name = Release;
		};
		9BB554711E87BD05005418D7 /* Debug */ = {
			isa = XCBuildConfiguration;
			buildSettings = {
				ASSETCATALOG_COMPILER_APPICON_NAME = AppIcon;
				DEVELOPMENT_TEAM = "";
				INFOPLIST_FILE = "5-autoLayoutInCode/Info.plist";
				LD_RUNPATH_SEARCH_PATHS = "$(inherited) @executable_path/Frameworks";
				PRODUCT_BUNDLE_IDENTIFIER = "com.wj.www.--autoLayoutInCode";
				PRODUCT_NAME = "$(TARGET_NAME)";
			};
			name = Debug;
		};
		9BB554721E87BD05005418D7 /* Release */ = {
			isa = XCBuildConfiguration;
			buildSettings = {
				ASSETCATALOG_COMPILER_APPICON_NAME = AppIcon;
				DEVELOPMENT_TEAM = "";
				INFOPLIST_FILE = "5-autoLayoutInCode/Info.plist";
				LD_RUNPATH_SEARCH_PATHS = "$(inherited) @executable_path/Frameworks";
				PRODUCT_BUNDLE_IDENTIFIER = "com.wj.www.--autoLayoutInCode";
				PRODUCT_NAME = "$(TARGET_NAME)";
			};
			name = Release;
		};
/* End XCBuildConfiguration section */

/* Begin XCConfigurationList section */
		9BB554541E87BD05005418D7 /* Build configuration list for PBXProject "5-autoLayoutInCode" */ = {
			isa = XCConfigurationList;
			buildConfigurations = (
				9BB5546E1E87BD05005418D7 /* Debug */,
				9BB5546F1E87BD05005418D7 /* Release */,
			);
			defaultConfigurationIsVisible = 0;
			defaultConfigurationName = Release;
		};
		9BB554701E87BD05005418D7 /* Build configuration list for PBXNativeTarget "5-autoLayoutInCode" */ = {
			isa = XCConfigurationList;
			buildConfigurations = (
				9BB554711E87BD05005418D7 /* Debug */,
				9BB554721E87BD05005418D7 /* Release */,
			);
			defaultConfigurationIsVisible = 0;
		};
/* End XCConfigurationList section */
	};
	rootObject = 9BB554511E87BD05005418D7 /* Project object */;
}
