// !$*UTF8*$!
{
	archiveVersion = 1;
	classes = {
	};
	objectVersion = 46;
	objects = {

/* Begin PBXBuildFile section */
		9B91E5641E768C510072E2B4 /* main.m in Sources */ = {isa = PBXBuildFile; fileRef = 9B91E5631E768C510072E2B4 /* main.m */; };
		9B91E5671E768C510072E2B4 /* AppDelegate.m in Sources */ = {isa = PBXBuildFile; fileRef = 9B91E5661E768C510072E2B4 /* AppDelegate.m */; };
		9B91E56A1E768C510072E2B4 /* ViewController.m in Sources */ = {isa = PBXBuildFile; fileRef = 9B91E5691E768C510072E2B4 /* ViewController.m */; };
		9B91E56D1E768C510072E2B4 /* Main.storyboard in Resources */ = {isa = PBXBuildFile; fileRef = 9B91E56B1E768C510072E2B4 /* Main.storyboard */; };
		9B91E56F1E768C510072E2B4 /* Assets.xcassets in Resources */ = {isa = PBXBuildFile; fileRef = 9B91E56E1E768C510072E2B4 /* Assets.xcassets */; };
		9B91E5721E768C510072E2B4 /* LaunchScreen.storyboard in Resources */ = {isa = PBXBuildFile; fileRef = 9B91E5701E768C510072E2B4 /* LaunchScreen.storyboard */; };
/* End PBXBuildFile section */

/* Begin PBXFileReference section */
		9B91E55F1E768C510072E2B4 /* 2-UILabelUse.app */ = {isa = PBXFileReference; explicitFileType = wrapper.application; includeInIndex = 0; path = "2-UILabelUse.app"; sourceTree = BUILT_PRODUCTS_DIR; };
		9B91E5631E768C510072E2B4 /* main.m */ = {isa = PBXFileReference; lastKnownFileType = sourcecode.c.objc; path = main.m; sourceTree = "<group>"; };
		9B91E5651E768C510072E2B4 /* AppDelegate.h */ = {isa = PBXFileReference; lastKnownFileType = sourcecode.c.h; path = AppDelegate.h; sourceTree = "<group>"; };
		9B91E5661E768C510072E2B4 /* AppDelegate.m */ = {isa = PBXFileReference; lastKnownFileType = sourcecode.c.objc; path = AppDelegate.m; sourceTree = "<group>"; };
		9B91E5681E768C510072E2B4 /* ViewController.h */ = {isa = PBXFileReference; lastKnownFileType = sourcecode.c.h; path = ViewController.h; sourceTree = "<group>"; };
		9B91E5691E768C510072E2B4 /* ViewController.m */ = {isa = PBXFileReference; lastKnownFileType = sourcecode.c.objc; path = ViewController.m; sourceTree = "<group>"; };
		9B91E56C1E768C510072E2B4 /* Base */ = {isa = PBXFileReference; lastKnownFileType = file.storyboard; name = Base; path = Base.lproj/Main.storyboard; sourceTree = "<group>"; };
		9B91E56E1E768C510072E2B4 /* Assets.xcassets */ = {isa = PBXFileReference; lastKnownFileType = folder.assetcatalog; path = Assets.xcassets; sourceTree = "<group>"; };
		9B91E5711E768C510072E2B4 /* Base */ = {isa = PBXFileReference; lastKnownFileType = file.storyboard; name = Base; path = Base.lproj/LaunchScreen.storyboard; sourceTree = "<group>"; };
		9B91E5731E768C510072E2B4 /* Info.plist */ = {isa = PBXFileReference; lastKnownFileType = text.plist.xml; path = Info.plist; sourceTree = "<group>"; };
/* End PBXFileReference section */

/* Begin PBXFrameworksBuildPhase section */
		9B91E55C1E768C510072E2B4 /* Frameworks */ = {
			isa = PBXFrameworksBuildPhase;
			buildActionMask = 2147483647;
			files = (
			);
			runOnlyForDeploymentPostprocessing = 0;
		};
/* End PBXFrameworksBuildPhase section */

/* Begin PBXGroup section */
		9B91E5561E768C500072E2B4 = {
			isa = PBXGroup;
			children = (
				9B91E5611E768C510072E2B4 /* 2-UILabelUse */,
				9B91E5601E768C510072E2B4 /* Products */,
			);
			sourceTree = "<group>";
		};
		9B91E5601E768C510072E2B4 /* Products */ = {
			isa = PBXGroup;
			children = (
				9B91E55F1E768C510072E2B4 /* 2-UILabelUse.app */,
			);
			name = Products;
			sourceTree = "<group>";
		};
		9B91E5611E768C510072E2B4 /* 2-UILabelUse */ = {
			isa = PBXGroup;
			children = (
				9B91E5651E768C510072E2B4 /* AppDelegate.h */,
				9B91E5661E768C510072E2B4 /* AppDelegate.m */,
				9B91E5681E768C510072E2B4 /* ViewController.h */,
				9B91E5691E768C510072E2B4 /* ViewController.m */,
				9B91E56B1E768C510072E2B4 /* Main.storyboard */,
				9B91E56E1E768C510072E2B4 /* Assets.xcassets */,
				9B91E5701E768C510072E2B4 /* LaunchScreen.storyboard */,
				9B91E5731E768C510072E2B4 /* Info.plist */,
				9B91E5621E768C510072E2B4 /* Supporting Files */,
			);
			path = "2-UILabelUse";
			sourceTree = "<group>";
		};
		9B91E5621E768C510072E2B4 /* Supporting Files */ = {
			isa = PBXGroup;
			children = (
				9B91E5631E768C510072E2B4 /* main.m */,
			);
			name = "Supporting Files";
			sourceTree = "<group>";
		};
/* End PBXGroup section */

/* Begin PBXNativeTarget section */
		9B91E55E1E768C510072E2B4 /* 2-UILabelUse */ = {
			isa = PBXNativeTarget;
			buildConfigurationList = 9B91E5761E768C510072E2B4 /* Build configuration list for PBXNativeTarget "2-UILabelUse" */;
			buildPhases = (
				9B91E55B1E768C510072E2B4 /* Sources */,
				9B91E55C1E768C510072E2B4 /* Frameworks */,
				9B91E55D1E768C510072E2B4 /* Resources */,
			);
			buildRules = (
			);
			dependencies = (
			);
			name = "2-UILabelUse";
			productName = "2-UILabelUse";
			productReference = 9B91E55F1E768C510072E2B4 /* 2-UILabelUse.app */;
			productType = "com.apple.product-type.application";
		};
/* End PBXNativeTarget section */

/* Begin PBXProject section */
		9B91E5571E768C500072E2B4 /* Project object */ = {
			isa = PBXProject;
			attributes = {
				LastUpgradeCheck = 0820;
				ORGANIZATIONNAME = wangjun;
				TargetAttributes = {
					9B91E55E1E768C510072E2B4 = {
						CreatedOnToolsVersion = 8.2.1;
						ProvisioningStyle = Automatic;
					};
				};
			};
			buildConfigurationList = 9B91E55A1E768C500072E2B4 /* Build configuration list for PBXProject "2-UILabelUse" */;
			compatibilityVersion = "Xcode 3.2";
			developmentRegion = English;
			hasScannedForEncodings = 0;
			knownRegions = (
				en,
				Base,
			);
			mainGroup = 9B91E5561E768C500072E2B4;
			productRefGroup = 9B91E5601E768C510072E2B4 /* Products */;
			projectDirPath = "";
			projectRoot = "";
			targets = (
				9B91E55E1E768C510072E2B4 /* 2-UILabelUse */,
			);
		};
/* End PBXProject section */

/* Begin PBXResourcesBuildPhase section */
		9B91E55D1E768C510072E2B4 /* Resources */ = {
			isa = PBXResourcesBuildPhase;
			buildActionMask = 2147483647;
			files = (
				9B91E5721E768C510072E2B4 /* LaunchScreen.storyboard in Resources */,
				9B91E56F1E768C510072E2B4 /* Assets.xcassets in Resources */,
				9B91E56D1E768C510072E2B4 /* Main.storyboard in Resources */,
			);
			runOnlyForDeploymentPostprocessing = 0;
		};
/* End PBXResourcesBuildPhase section */

/* Begin PBXSourcesBuildPhase section */
		9B91E55B1E768C510072E2B4 /* Sources */ = {
			isa = PBXSourcesBuildPhase;
			buildActionMask = 2147483647;
			files = (
				9B91E56A1E768C510072E2B4 /* ViewController.m in Sources */,
				9B91E5671E768C510072E2B4 /* AppDelegate.m in Sources */,
				9B91E5641E768C510072E2B4 /* main.m in Sources */,
			);
			runOnlyForDeploymentPostprocessing = 0;
		};
/* End PBXSourcesBuildPhase section */

/* Begin PBXVariantGroup section */
		9B91E56B1E768C510072E2B4 /* Main.storyboard */ = {
			isa = PBXVariantGroup;
			children = (
				9B91E56C1E768C510072E2B4 /* Base */,
			);
			name = Main.storyboard;
			sourceTree = "<group>";
		};
		9B91E5701E768C510072E2B4 /* LaunchScreen.storyboard */ = {
			isa = PBXVariantGroup;
			children = (
				9B91E5711E768C510072E2B4 /* Base */,
			);
			name = LaunchScreen.storyboard;
			sourceTree = "<group>";
		};
/* End PBXVariantGroup section */

/* Begin XCBuildConfiguration section */
		9B91E5741E768C510072E2B4 /* Debug */ = {
			isa = XCBuildConfiguration;
			buildSettings = {
				ALWAYS_SEARCH_USER_PATHS = NO;
				CLANG_ANALYZER_NONNULL = YES;
				CLANG_CXX_LANGUAGE_STANDARD = "gnu++0x";
				CLANG_CXX_LIBRARY = "libc++";
				CLANG_ENABLE_MODULES = YES;
				CLANG_ENABLE_OBJC_ARC = YES;
				CLANG_WARN_BOOL_CONVERSION = YES;
				CLANG_WARN_CONSTANT_CONVERSION = YES;
				CLANG_WARN_DIRECT_OBJC_ISA_USAGE = YES_ERROR;
				CLANG_WARN_DOCUMENTATION_COMMENTS = YES;
				CLANG_WARN_EMPTY_BODY = YES;
				CLANG_WARN_ENUM_CONVERSION = YES;
				CLANG_WARN_INFINITE_RECURSION = YES;
				CLANG_WARN_INT_CONVERSION = YES;
				CLANG_WARN_OBJC_ROOT_CLASS = YES_ERROR;
				CLANG_WARN_SUSPICIOUS_MOVE = YES;
				CLANG_WARN_UNREACHABLE_CODE = YES;
				CLANG_WARN__DUPLICATE_METHOD_MATCH = YES;
				"CODE_SIGN_IDENTITY[sdk=iphoneos*]" = "iPhone Developer";
				COPY_PHASE_STRIP = NO;
				DEBUG_INFORMATION_FORMAT = dwarf;
				ENABLE_STRICT_OBJC_MSGSEND = YES;
				ENABLE_TESTABILITY = YES;
				GCC_C_LANGUAGE_STANDARD = gnu99;
				GCC_DYNAMIC_NO_PIC = NO;
				GCC_NO_COMMON_BLOCKS = YES;
				GCC_OPTIMIZATION_LEVEL = 0;
				GCC_PREPROCESSOR_DEFINITIONS = (
					"DEBUG=1",
					"$(inherited)",
				);
				GCC_WARN_64_TO_32_BIT_CONVERSION = YES;
				GCC_WARN_ABOUT_RETURN_TYPE = YES_ERROR;
				GCC_WARN_UNDECLARED_SELECTOR = YES;
				GCC_WARN_UNINITIALIZED_AUTOS = YES_AGGRESSIVE;
				GCC_WARN_UNUSED_FUNCTION = YES;
				GCC_WARN_UNUSED_VARIABLE = YES;
				IPHONEOS_DEPLOYMENT_TARGET = 10.2;
				MTL_ENABLE_DEBUG_INFO = YES;
				ONLY_ACTIVE_ARCH = YES;
				SDKROOT = iphoneos;
			};
			name = Debug;
		};
		9B91E5751E768C510072E2B4 /* Release */ = {
			isa = XCBuildConfiguration;
			buildSettings = {
				ALWAYS_SEARCH_USER_PATHS = NO;
				CLANG_ANALYZER_NONNULL = YES;
				CLANG_CXX_LANGUAGE_STANDARD = "gnu++0x";
				CLANG_CXX_LIBRARY = "libc++";
				CLANG_ENABLE_MODULES = YES;
				CLANG_ENABLE_OBJC_ARC = YES;
				CLANG_WARN_BOOL_CONVERSION = YES;
				CLANG_WARN_CONSTANT_CONVERSION = YES;
				CLANG_WARN_DIRECT_OBJC_ISA_USAGE = YES_ERROR;
				CLANG_WARN_DOCUMENTATION_COMMENTS = YES;
				CLANG_WARN_EMPTY_BODY = YES;
				CLANG_WARN_ENUM_CONVERSION = YES;
				CLANG_WARN_INFINITE_RECURSION = YES;
				CLANG_WARN_INT_CONVERSION = YES;
				CLANG_WARN_OBJC_ROOT_CLASS = YES_ERROR;
				CLANG_WARN_SUSPICIOUS_MOVE = YES;
				CLANG_WARN_UNREACHABLE_CODE = YES;
				CLANG_WARN__DUPLICATE_METHOD_MATCH = YES;
				"CODE_SIGN_IDENTITY[sdk=iphoneos*]" = "iPhone Developer";
				COPY_PHASE_STRIP = NO;
				DEBUG_INFORMATION_FORMAT = "dwarf-with-dsym";
				ENABLE_NS_ASSERTIONS = NO;
				ENABLE_STRICT_OBJC_MSGSEND = YES;
				GCC_C_LANGUAGE_STANDARD = gnu99;
				GCC_NO_COMMON_BLOCKS = YES;
				GCC_WARN_64_TO_32_BIT_CONVERSION = YES;
				GCC_WARN_ABOUT_RETURN_TYPE = YES_ERROR;
				GCC_WARN_UNDECLARED_SELECTOR = YES;
				GCC_WARN_UNINITIALIZED_AUTOS = YES_AGGRESSIVE;
				GCC_WARN_UNUSED_FUNCTION = YES;
				GCC_WARN_UNUSED_VARIABLE = YES;
				IPHONEOS_DEPLOYMENT_TARGET = 10.2;
				MTL_ENABLE_DEBUG_INFO = NO;
				SDKROOT = iphoneos;
				VALIDATE_PRODUCT = YES;
			};
			name = Release;
		};
		9B91E5771E768C510072E2B4 /* Debug */ = {
			isa = XCBuildConfiguration;
			buildSettings = {
				ASSETCATALOG_COMPILER_APPICON_NAME = AppIcon;
				DEVELOPMENT_TEAM = "";
				INFOPLIST_FILE = "2-UILabelUse/Info.plist";
				LD_RUNPATH_SEARCH_PATHS = "$(inherited) @executable_path/Frameworks";
				PRODUCT_BUNDLE_IDENTIFIER = "com.wj.www.--UILabelUse";
				PRODUCT_NAME = "$(TARGET_NAME)";
			};
			name = Debug;
		};
		9B91E5781E768C510072E2B4 /* Release */ = {
			isa = XCBuildConfiguration;
			buildSettings = {
				ASSETCATALOG_COMPILER_APPICON_NAME = AppIcon;
				DEVELOPMENT_TEAM = "";
				INFOPLIST_FILE = "2-UILabelUse/Info.plist";
				LD_RUNPATH_SEARCH_PATHS = "$(inherited) @executable_path/Frameworks";
				PRODUCT_BUNDLE_IDENTIFIER = "com.wj.www.--UILabelUse";
				PRODUCT_NAME = "$(TARGET_NAME)";
			};
			name = Release;
		};
/* End XCBuildConfiguration section */

/* Begin XCConfigurationList section */
		9B91E55A1E768C500072E2B4 /* Build configuration list for PBXProject "2-UILabelUse" */ = {
			isa = XCConfigurationList;
			buildConfigurations = (
				9B91E5741E768C510072E2B4 /* Debug */,
				9B91E5751E768C510072E2B4 /* Release */,
			);
			defaultConfigurationIsVisible = 0;
			defaultConfigurationName = Release;
		};
		9B91E5761E768C510072E2B4 /* Build configuration list for PBXNativeTarget "2-UILabelUse" */ = {
			isa = XCConfigurationList;
			buildConfigurations = (
				9B91E5771E768C510072E2B4 /* Debug */,
				9B91E5781E768C510072E2B4 /* Release */,
			);
			defaultConfigurationIsVisible = 0;
		};
/* End XCConfigurationList section */
	};
	rootObject = 9B91E5571E768C500072E2B4 /* Project object */;
}
